
Microsoft Visual Studio Solution File, Format Version 12.00
# Visual Studio 2012
Project("{FAE04EC0-301F-11D3-BF4B-00C04F79EFBC}") = "Kamisado", "Kamisado\Kamisado.csproj", "{09262EE7-2900-4E13-BC0A-AC5F898DE164}"
EndProject
Project("{FAE04EC0-301F-11D3-BF4B-00C04F79EFBC}") = "KamisadoTests", "KamisadoTests\KamisadoTests.csproj", "{5175FB20-423C-4696-9B34-E50D484F9D83}"
EndProject
Project("{FAE04EC0-301F-11D3-BF4B-00C04F79EFBC}") = "IterativeDeepening", "IterativeDeepening\IterativeDeepening.csproj", "{C4277378-6765-4001-A836-A8F396E3D99E}"
EndProject
Project("{FAE04EC0-301F-11D3-BF4B-00C04F79EFBC}") = "MatchEngineTest", "MatchEngineTest\MatchEngineTest.csproj", "{B163923C-C869-4DAD-BB82-3AD64AA59810}"
EndProject
Project("{FAE04EC0-301F-11D3-BF4B-00C04F79EFBC}") = "HeuristicComparer", "HeuristicComparer\HeuristicComparer.csproj", "{DE15DD15-218C-479C-A606-B40CD6B79890}"
EndProject
Global
	GlobalSection(SolutionConfigurationPlatforms) = preSolution
		Debug|Any CPU = Debug|Any CPU
		Release|Any CPU = Release|Any CPU
	EndGlobalSection
	GlobalSection(ProjectConfigurationPlatforms) = postSolution
		{09262EE7-2900-4E13-BC0A-AC5F898DE164}.Debug|Any CPU.ActiveCfg = Debug|Any CPU
		{09262EE7-2900-4E13-BC0A-AC5F898DE164}.Debug|Any CPU.Build.0 = Debug|Any CPU
		{09262EE7-2900-4E13-BC0A-AC5F898DE164}.Release|Any CPU.ActiveCfg = Release|Any CPU
		{09262EE7-2900-4E13-BC0A-AC5F898DE164}.Release|Any CPU.Build.0 = Release|Any CPU
		{5175FB20-423C-4696-9B34-E50D484F9D83}.Debug|Any CPU.ActiveCfg = Debug|Any CPU
		{5175FB20-423C-4696-9B34-E50D484F9D83}.Debug|Any CPU.Build.0 = Debug|Any CPU
		{5175FB20-423C-4696-9B34-E50D484F9D83}.Release|Any CPU.ActiveCfg = Release|Any CPU
		{5175FB20-423C-4696-9B34-E50D484F9D83}.Release|Any CPU.Build.0 = Release|Any CPU
		{C4277378-6765-4001-A836-A8F396E3D99E}.Debug|Any CPU.ActiveCfg = Debug|Any CPU
		{C4277378-6765-4001-A836-A8F396E3D99E}.Debug|Any CPU.Build.0 = Debug|Any CPU
		{C4277378-6765-4001-A836-A8F396E3D99E}.Release|Any CPU.ActiveCfg = Release|Any CPU
		{C4277378-6765-4001-A836-A8F396E3D99E}.Release|Any CPU.Build.0 = Release|Any CPU
		{B163923C-C869-4DAD-BB82-3AD64AA59810}.Debug|Any CPU.ActiveCfg = Debug|Any CPU
		{B163923C-C869-4DAD-BB82-3AD64AA59810}.Debug|Any CPU.Build.0 = Debug|Any CPU
		{B163923C-C869-4DAD-BB82-3AD64AA59810}.Release|Any CPU.ActiveCfg = Release|Any CPU
		{B163923C-C869-4DAD-BB82-3AD64AA59810}.Release|Any CPU.Build.0 = Release|Any CPU
		{DE15DD15-218C-479C-A606-B40CD6B79890}.Debug|Any CPU.ActiveCfg = Debug|Any CPU
		{DE15DD15-218C-479C-A606-B40CD6B79890}.Debug|Any CPU.Build.0 = Debug|Any CPU
		{DE15DD15-218C-479C-A606-B40CD6B79890}.Release|Any CPU.ActiveCfg = Release|Any CPU
		{DE15DD15-218C-479C-A606-B40CD6B79890}.Release|Any CPU.Build.0 = Release|Any CPU
	EndGlobalSection
	GlobalSection(SolutionProperties) = preSolution
		HideSolutionNode = FALSE
	EndGlobalSection
EndGlobal
